{
  "name": "i2c-bridge",
  "version": "1.0.0",
  "lockfileVersion": 1,
  "requires": true,
  "dependencies": {
    "@si14/si-atsamd-safeboot": {
      "version": "1.0.2",
      "resolved": "https://registry.npmjs.org/@si14/si-atsamd-safeboot/-/si-atsamd-safeboot-1.0.2.tgz",
      "integrity": "sha512-v80ySUJ+5uEz7aCkQnak7CC8AgSspwDJ3tbwce6wQz3Du9nUg2bOwjQicpXhIGM2jLaf4XpdQVvsacm2fV+9yw=="
    },
    "@si14/si-atsamd11c14a": {
      "version": "2.0.2",
      "resolved": "https://registry.npmjs.org/@si14/si-atsamd11c14a/-/si-atsamd11c14a-2.0.2.tgz",
      "integrity": "sha512-M2/gBEV+S825W4Yu+irCaSMRsma2MOBVHOIgmiLvuj2osX410KO5LkL/k1wlROqJu1+tnoHv12HSlb05/6Qmyg=="
    }
  }
}
